Microsoft Visual Studio Solution File, Format Version 12.00
# Visual Studio Version 17
VisualStudioVersion = 17.5.2.0
MinimumVisualStudioVersion = 10.0.40219.1
Project("{FAE04EC0-301F-11D3-BF4B-00C04F79EFBC}") = "SmartDesk.Api", "SmartDesk.Api.csproj", "{8EC1580E-85C8-903B-63D2-1220C1631A53}"
EndProject
Global
	GlobalSection(SolutionConfigurationPlatforms) = preSolution
		Debug|Any CPU = Debug|Any CPU
		Release|Any CPU = Release|Any CPU
	EndGlobalSection
	GlobalSection(ProjectConfigurationPlatforms) = postSolution
		{8EC1580E-85C8-903B-63D2-1220C1631A53}.Debug|Any CPU.ActiveCfg = Debug|Any CPU
		{8EC1580E-85C8-903B-63D2-1220C1631A53}.Debug|Any CPU.Build.0 = Debug|Any CPU
		{8EC1580E-85C8-903B-63D2-1220C1631A53}.Release|Any CPU.ActiveCfg = Release|Any CPU
		{8EC1580E-85C8-903B-63D2-1220C1631A53}.Release|Any CPU.Build.0 = Release|Any CPU
	EndGlobalSection
	GlobalSection(SolutionProperties) = preSolution
		HideSolutionNode = FALSE
	EndGlobalSection
	GlobalSection(ExtensibilityGlobals) = postSolution
		SolutionGuid = {3FA3A707-0494-4BCB-AB3F-01A1C6BE21B6}
	EndGlobalSection
EndGlobal
